// !$*UTF8*$!
{
	archiveVersion = 1;
	classes = {
	};
	objectVersion = 77;
	objects = {

/* Begin PBXContainerItemProxy section */
		AFB6CF72302C821800DBA92C /* PBXContainerItemProxy */ = {
			isa = PBXContainerItemProxy;
			containerPortal = AFB6CF5A302C821600DBA92C /* Project object */;
			proxyType = 1;
			remoteGlobalIDString = AFB6CF61302C821600DBA92C;
			remoteInfo = ThailandHolidayApp;
		};
		AFB6CF7C302C821800DBA92C /* PBXContainerItemProxy */ = {
			isa = PBXContainerItemProxy;
			containerPortal = AFB6CF5A302C821600DBA92C /* Project object */;
			proxyType = 1;
			remoteGlobalIDString = AFB6CF61302C821600DBA92C;
			remoteInfo = ThailandHolidayApp;
		};
/* End PBXContainerItemProxy section */

/* Begin PBXFileReference section */
		A11C0F012F00000100000001 /* AppConfig.xcconfig */ = {isa = PBXFileReference; lastKnownFileType = text.xcconfig; path = AppConfig.xcconfig; sourceTree = "<group>"; };
		AFB6CF62302C821600DBA92C /* ThailandHolidayApp.app */ = {isa = PBXFileReference; explicitFileType = wrapper.application; includeInIndex = 0; path = ThailandHolidayApp.app; sourceTree = BUILT_PRODUCTS_DIR; };
		AFB6CF71302C821800DBA92C /* ThailandHolidayAppTests.xctest */ = {isa = PBXFileReference; explicitFileType = wrapper.cfbundle; includeInIndex = 0; path = ThailandHolidayAppTests.xctest; sourceTree = BUILT_PRODUCTS_DIR; };
		AFB6CF7B302C821800DBA92C /* ThailandHolidayAppUITests.xctest */ = {isa = PBXFileReference; explicitFileType = wrapper.cfbundle; includeInIndex = 0; path = ThailandHolidayAppUITests.xctest; sourceTree = BUILT_PRODUCTS_DIR; };
/* End PBXFileReference section */

/* Begin PBXFileSystemSynchronizedRootGroup section */
		AFB6CF64302C821600DBA92C /* ThailandHolidayApp */ = {
			isa = PBXFileSystemSynchronizedRootGroup;
			path = ThailandHolidayApp;
			sourceTree = "<group>";
		};
		AFB6CF74302C821800DBA92C /* ThailandHolidayAppTests */ = {
			isa = PBXFileSystemSynchronizedRootGroup;
			path = ThailandHolidayAppTests;
			sourceTree = "<group>";
		};
		AFB6CF7E302C821800DBA92C /* ThailandHolidayAppUITests */ = {
			isa = PBXFileSystemSynchronizedRootGroup;
			path = ThailandHolidayAppUITests;
			sourceTree = "<group>";
		};
/* End PBXFileSystemSynchronizedRootGroup section */

/* Begin PBXFrameworksBuildPhase section */
		AFB6CF5F302C821600DBA92C /* Frameworks */ = {
			isa = PBXFrameworksBuildPhase;
			buildActionMask = 2147483647;
			files = (
			);
			runOnlyForDeploymentPostprocessing = 0;
		};
		AFB6CF6E302C821800DBA92C /* Frameworks */ = {
			isa = PBXFrameworksBuildPhase;
			buildActionMask = 2147483647;
			files = (
			);
			runOnlyForDeploymentPostprocessing = 0;
		};
		AFB6CF78302C821800DBA92C /* Frameworks */ = {
			isa = PBXFrameworksBuildPhase;
			buildActionMask = 2147483647;
			files = (
			);
			runOnlyForDeploymentPostprocessing = 0;
		};
/* End PBXFrameworksBuildPhase section */

/* Begin PBXGroup section */
		A11C0F022F00000100000002 /* Config */ = {
			isa = PBXGroup;
			children = (
				A11C0F012F00000100000001 /* AppConfig.xcconfig */,
			);
			path = Config;
			sourceTree = "<group>";
		};
		AFB6CF59302C821600DBA92C = {
			isa = PBXGroup;
			children = (
				A11C0F022F00000100000002 /* Config */,
				AFB6CF64302C821600DBA92C /* ThailandHolidayApp */,
				AFB6CF74302C821800DBA92C /* ThailandHolidayAppTests */,
				AFB6CF7E302C821800DBA92C /* ThailandHolidayAppUITests */,
				AFB6CF63302C821600DBA92C /* Products */,
			);
			sourceTree = "<group>";
		};
		AFB6CF63302C821600DBA92C /* Products */ = {
			isa = PBXGroup;
			children = (
				AFB6CF62302C821600DBA92C /* ThailandHolidayApp.app */,
				AFB6CF71302C821800DBA92C /* ThailandHolidayAppTests.xctest */,
				AFB6CF7B302C821800DBA92C /* ThailandHolidayAppUITests.xctest */,
			);
			name = Products;
			sourceTree = "<group>";
		};
/* End PBXGroup section */

/* Begin PBXNativeTarget section */
		AFB6CF61302C821600DBA92C /* ThailandHolidayApp */ = {
			isa = PBXNativeTarget;
			buildConfigurationList = AFB6CF85302C821800DBA92C /* Build configuration list for PBXNativeTarget "ThailandHolidayApp" */;
			buildPhases = (
				AFB6CF5E302C821600DBA92C /* Sources */,
				AFB6CF5F302C821600DBA92C /* Frameworks */,
				AFB6CF60302C821600DBA92C /* Resources */,
			);
			buildRules = (
			);
			dependencies = (
			);
			fileSystemSynchronizedGroups = (
				AFB6CF64302C821600DBA92C /* ThailandHolidayApp */,
			);
			name = ThailandHolidayApp;
			packageProductDependencies = (
			);
			productName = ThailandHolidayApp;
			productReference = AFB6CF62302C821600DBA92C /* ThailandHolidayApp.app */;
			productType = "com.apple.product-type.application";
		};
		AFB6CF70302C821800DBA92C /* ThailandHolidayAppTests */ = {
			isa = PBXNativeTarget;
			buildConfigurationList = AFB6CF88302C821800DBA92C /* Build configuration list for PBXNativeTarget "ThailandHolidayAppTests" */;
			buildPhases = (
				AFB6CF6D302C821800DBA92C /* Sources */,
				AFB6CF6E302C821800DBA92C /* Frameworks */,
				AFB6CF6F302C821800DBA92C /* Resources */,
			);
			buildRules = (
			);
			dependencies = (
				AFB6CF73302C821800DBA92C /* PBXTargetDependency */,
			);
			fileSystemSynchronizedGroups = (
				AFB6CF74302C821800DBA92C /* ThailandHolidayAppTests */,
			);
			name = ThailandHolidayAppTests;
			packageProductDependencies = (
			);
			productName = ThailandHolidayAppTests;
			productReference = AFB6CF71302C821800DBA92C /* ThailandHolidayAppTests.xctest */;
			productType = "com.apple.product-type.bundle.unit-test";
		};
		AFB6CF7A302C821800DBA92C /* ThailandHolidayAppUITests */ = {
			isa = PBXNativeTarget;
			buildConfigurationList = AFB6CF8B302C821800DBA92C /* Build configuration list for PBXNativeTarget "ThailandHolidayAppUITests" */;
			buildPhases = (
				AFB6CF77302C821800DBA92C /* Sources */,
				AFB6CF78302C821800DBA92C /* Frameworks */,
				AFB6CF79302C821800DBA92C /* Resources */,
			);
			buildRules = (
			);
			dependencies = (
				AFB6CF7D302C821800DBA92C /* PBXTargetDependency */,
			);
			fileSystemSynchronizedGroups = (
				AFB6CF7E302C821800DBA92C /* ThailandHolidayAppUITests */,
			);
			name = ThailandHolidayAppUITests;
			packageProductDependencies = (
			);
			productName = ThailandHolidayAppUITests;
			productReference = AFB6CF7B302C821800DBA92C /* ThailandHolidayAppUITests.xctest */;
			productType = "com.apple.product-type.bundle.ui-testing";
		};
/* End PBXNativeTarget section */

/* Begin PBXProject section */
		AFB6CF5A302C821600DBA92C /* Project object */ = {
			isa = PBXProject;
			attributes = {
				BuildIndependentTargetsInParallel = 1;
				LastSwiftUpdateCheck = 2660;
				LastUpgradeCheck = 2660;
				TargetAttributes = {
					AFB6CF61302C821600DBA92C = {
						CreatedOnToolsVersion = 26.6;
					};
					AFB6CF70302C821800DBA92C = {
						CreatedOnToolsVersion = 26.6;
						TestTargetID = AFB6CF61302C821600DBA92C;
					};
					AFB6CF7A302C821800DBA92C = {
						CreatedOnToolsVersion = 26.6;
						TestTargetID = AFB6CF61302C821600DBA92C;
					};
				};
			};
			buildConfigurationList = AFB6CF5D302C821600DBA92C /* Build configuration list for PBXProject "ThailandHolidayApp" */;
			developmentRegion = en;
			hasScannedForEncodings = 0;
			knownRegions = (
				en,
				Base,
			);
			mainGroup = AFB6CF59302C821600DBA92C;
			minimizedProjectReferenceProxies = 1;
			preferredProjectObjectVersion = 77;
			productRefGroup = AFB6CF63302C821600DBA92C /* Products */;
			projectDirPath = "";
			projectRoot = "";
			targets = (
				AFB6CF61302C821600DBA92C /* ThailandHolidayApp */,
				AFB6CF70302C821800DBA92C /* ThailandHolidayAppTests */,
				AFB6CF7A302C821800DBA92C /* ThailandHolidayAppUITests */,
			);
		};
/* End PBXProject section */

/* Begin PBXResourcesBuildPhase section */
		AFB6CF60302C821600DBA92C /* Resources */ = {
			isa = PBXResourcesBuildPhase;
			buildActionMask = 2147483647;
			files = (
			);
			runOnlyForDeploymentPostprocessing = 0;
		};
		AFB6CF6F302C821800DBA92C /* Resources */ = {
			isa = PBXResourcesBuildPhase;
			buildActionMask = 2147483647;
			files = (
			);
			runOnlyForDeploymentPostprocessing = 0;
		};
		AFB6CF79302C821800DBA92C /* Resources */ = {
			isa = PBXResourcesBuildPhase;
			buildActionMask = 2147483647;
			files = (
			);
			runOnlyForDeploymentPostprocessing = 0;
		};
/* End PBXResourcesBuildPhase section */

/* Begin PBXSourcesBuildPhase section */
		AFB6CF5E302C821600DBA92C /* Sources */ = {
			isa = PBXSourcesBuildPhase;
			buildActionMask = 2147483647;
			files = (
			);
			runOnlyForDeploymentPostprocessing = 0;
		};
		AFB6CF6D302C821800DBA92C /* Sources */ = {
			isa = PBXSourcesBuildPhase;
			buildActionMask = 2147483647;
			files = (
			);
			runOnlyForDeploymentPostprocessing = 0;
		};
		AFB6CF77302C821800DBA92C /* Sources */ = {
			isa = PBXSourcesBuildPhase;
			buildActionMask = 2147483647;
			files = (
			);
			runOnlyForDeploymentPostprocessing = 0;
		};
/* End PBXSourcesBuildPhase section */

/* Begin PBXTargetDependency section */
		AFB6CF73302C821800DBA92C /* PBXTargetDependency */ = {
			isa = PBXTargetDependency;
			target = AFB6CF61302C821600DBA92C /* ThailandHolidayApp */;
			targetProxy = AFB6CF72302C821800DBA92C /* PBXContainerItemProxy */;
		};
		AFB6CF7D302C821800DBA92C /* PBXTargetDependency */ = {
			isa = PBXTargetDependency;
			target = AFB6CF61302C821600DBA92C /* ThailandHolidayApp */;
			targetProxy = AFB6CF7C302C821800DBA92C /* PBXContainerItemProxy */;
		};
/* End PBXTargetDependency section */

/* Begin XCBuildConfiguration section */
		AFB6CF83302C821800DBA92C /* Debug */ = {
			isa = XCBuildConfiguration;
			buildSettings = {
				ALWAYS_SEARCH_USER_PATHS = NO;
				ASSETCATALOG_COMPILER_GENERATE_SWIFT_ASSET_SYMBOL_EXTENSIONS = YES;
				CLANG_ANALYZER_NONNULL = YES;
				CLANG_ANALYZER_NUMBER_OBJECT_CONVERSION = YES_AGGRESSIVE;
				CLANG_CXX_LANGUAGE_STANDARD = "gnu++20";
				CLANG_ENABLE_MODULES = YES;
				CLANG_ENABLE_OBJC_ARC = YES;
				CLANG_ENABLE_OBJC_WEAK = YES;
				CLANG_WARN_BLOCK_CAPTURE_AUTORELEASING = YES;
				CLANG_WARN_BOOL_CONVERSION = YES;
				CLANG_WARN_COMMA = YES;
				CLANG_WARN_CONSTANT_CONVERSION = YES;
				CLANG_WARN_DEPRECATED_OBJC_IMPLEMENTATIONS = YES;
				CLANG_WARN_DIRECT_OBJC_ISA_USAGE = YES_ERROR;
				CLANG_WARN_DOCUMENTATION_COMMENTS = YES;
				CLANG_WARN_EMPTY_BODY = YES;
				CLANG_WARN_ENUM_CONVERSION = YES;
				CLANG_WARN_INFINITE_RECURSION = YES;
				CLANG_WARN_INT_CONVERSION = YES;
				CLANG_WARN_NON_LITERAL_NULL_CONVERSION = YES;
				CLANG_WARN_OBJC_IMPLICIT_RETAIN_SELF = YES;
				CLANG_WARN_OBJC_LITERAL_CONVERSION = YES;
				CLANG_WARN_OBJC_ROOT_CLASS = YES_ERROR;
				CLANG_WARN_QUOTED_INCLUDE_IN_FRAMEWORK_HEADER = YES;
				CLANG_WARN_RANGE_LOOP_ANALYSIS = YES;
				CLANG_WARN_STRICT_PROTOTYPES = YES;
				CLANG_WARN_SUSPICIOUS_MOVE = YES;
				CLANG_WARN_UNGUARDED_AVAILABILITY = YES_AGGRESSIVE;
				CLANG_WARN_UNREACHABLE_CODE = YES;
				CLANG_WARN__DUPLICATE_METHOD_MATCH = YES;
				COPY_PHASE_STRIP = NO;
				DEBUG_INFORMATION_FORMAT = dwarf;
				DEVELOPMENT_TEAM = EY8PJMQ29A;
				ENABLE_STRICT_OBJC_MSGSEND = YES;
				ENABLE_TESTABILITY = YES;
				ENABLE_USER_SCRIPT_SANDBOXING = YES;
				GCC_C_LANGUAGE_STANDARD = gnu17;
				GCC_DYNAMIC_NO_PIC = NO;
				GCC_NO_COMMON_BLOCKS = YES;
				GCC_OPTIMIZATION_LEVEL = 0;
				GCC_PREPROCESSOR_DEFINITIONS = (
					"DEBUG=1",
					"$(inherited)",
				);
				GCC_WARN_64_TO_32_BIT_CONVERSION = YES;
				GCC_WARN_ABOUT_RETURN_TYPE = YES_ERROR;
				GCC_WARN_UNDECLARED_SELECTOR = YES;
				GCC_WARN_UNINITIALIZED_AUTOS = YES_AGGRESSIVE;
				GCC_WARN_UNUSED_FUNCTION = YES;
				GCC_WARN_UNUSED_VARIABLE = YES;
				IPHONEOS_DEPLOYMENT_TARGET = 26.5;
				LOCALIZATION_PREFERS_STRING_CATALOGS = YES;
				MTL_ENABLE_DEBUG_INFO = INCLUDE_SOURCE;
				MTL_FAST_MATH = YES;
				ONLY_ACTIVE_ARCH = YES;
				SDKROOT = iphoneos;
				SWIFT_ACTIVE_COMPILATION_CONDITIONS = "DEBUG $(inherited)";
				SWIFT_OPTIMIZATION_LEVEL = "-Onone";
			};
			name = Debug;
		};
		AFB6CF84302C821800DBA92C /* Release */ = {
			isa = XCBuildConfiguration;
			buildSettings = {
				ALWAYS_SEARCH_USER_PATHS = NO;
				ASSETCATALOG_COMPILER_GENERATE_SWIFT_ASSET_SYMBOL_EXTENSIONS = YES;
				CLANG_ANALYZER_NONNULL = YES;
				CLANG_ANALYZER_NUMBER_OBJECT_CONVERSION = YES_AGGRESSIVE;
				CLANG_CXX_LANGUAGE_STANDARD = "gnu++20";
				CLANG_ENABLE_MODULES = YES;
				CLANG_ENABLE_OBJC_ARC = YES;
				CLANG_ENABLE_OBJC_WEAK = YES;
				CLANG_WARN_BLOCK_CAPTURE_AUTORELEASING = YES;
				CLANG_WARN_BOOL_CONVERSION = YES;
				CLANG_WARN_COMMA = YES;
				CLANG_WARN_CONSTANT_CONVERSION = YES;
				CLANG_WARN_DEPRECATED_OBJC_IMPLEMENTATIONS = YES;
				CLANG_WARN_DIRECT_OBJC_ISA_USAGE = YES_ERROR;
				CLANG_WARN_DOCUMENTATION_COMMENTS = YES;
				CLANG_WARN_EMPTY_BODY = YES;
				CLANG_WARN_ENUM_CONVERSION = YES;
				CLANG_WARN_INFINITE_RECURSION = YES;
				CLANG_WARN_INT_CONVERSION = YES;
				CLANG_WARN_NON_LITERAL_NULL_CONVERSION = YES;
				CLANG_WARN_OBJC_IMPLICIT_RETAIN_SELF = YES;
				CLANG_WARN_OBJC_LITERAL_CONVERSION = YES;
				CLANG_WARN_OBJC_ROOT_CLASS = YES_ERROR;
				CLANG_WARN_QUOTED_INCLUDE_IN_FRAMEWORK_HEADER = YES;
				CLANG_WARN_RANGE_LOOP_ANALYSIS = YES;
				CLANG_WARN_STRICT_PROTOTYPES = YES;
				CLANG_WARN_SUSPICIOUS_MOVE = YES;
				CLANG_WARN_UNGUARDED_AVAILABILITY = YES_AGGRESSIVE;
				CLANG_WARN_UNREACHABLE_CODE = YES;
				CLANG_WARN__DUPLICATE_METHOD_MATCH = YES;
				COPY_PHASE_STRIP = NO;
				DEBUG_INFORMATION_FORMAT = "dwarf-with-dsym";
				DEVELOPMENT_TEAM = EY8PJMQ29A;
				ENABLE_NS_ASSERTIONS = NO;
				ENABLE_STRICT_OBJC_MSGSEND = YES;
				ENABLE_USER_SCRIPT_SANDBOXING = YES;
				GCC_C_LANGUAGE_STANDARD = gnu17;
				GCC_NO_COMMON_BLOCKS = YES;
				GCC_WARN_64_TO_32_BIT_CONVERSION = YES;
				GCC_WARN_ABOUT_RETURN_TYPE = YES_ERROR;
				GCC_WARN_UNDECLARED_SELECTOR = YES;
				GCC_WARN_UNINITIALIZED_AUTOS = YES_AGGRESSIVE;
				GCC_WARN_UNUSED_FUNCTION = YES;
				GCC_WARN_UNUSED_VARIABLE = YES;
				IPHONEOS_DEPLOYMENT_TARGET = 26.5;
				LOCALIZATION_PREFERS_STRING_CATALOGS = YES;
				MTL_ENABLE_DEBUG_INFO = NO;
				MTL_FAST_MATH = YES;
				SDKROOT = iphoneos;
				SWIFT_COMPILATION_MODE = wholemodule;
				VALIDATE_PRODUCT = YES;
			};
			name = Release;
		};
		AFB6CF86302C821800DBA92C /* Debug */ = {
			isa = XCBuildConfiguration;
			baseConfigurationReference = A11C0F012F00000100000001 /* AppConfig.xcconfig */;
			buildSettings = {
				ASSETCATALOG_COMPILER_APPICON_NAME = AppIcon;
				ASSETCATALOG_COMPILER_GLOBAL_ACCENT_COLOR_NAME = AccentColor;
				CODE_SIGN_ENTITLEMENTS = ThailandHolidayApp/ThailandHolidayApp.entitlements;
				CODE_SIGN_STYLE = Automatic;
				CURRENT_PROJECT_VERSION = 1;
				DEVELOPMENT_TEAM = EY8PJMQ29A;
				ENABLE_PREVIEWS = YES;
				GENERATE_INFOPLIST_FILE = NO;
				INFOPLIST_FILE = "ThailandHolidayApp-Info.plist";
				INFOPLIST_KEY_NSCameraUsageDescription = "Camera wordt gebruikt om boekingen te scannen.";
				INFOPLIST_KEY_UIApplicationSceneManifest_Generation = YES;
				INFOPLIST_KEY_UIApplicationSupportsIndirectInputEvents = YES;
				INFOPLIST_KEY_UILaunchScreen_Generation = YES;
				INFOPLIST_KEY_UISupportedInterfaceOrientations_iPad = "UIInterfaceOrientationPortrait UIInterfaceOrientationPortraitUpsideDown UIInterfaceOrientationLandscapeLeft UIInterfaceOrientationLandscapeRight";
				INFOPLIST_KEY_UISupportedInterfaceOrientations_iPhone = "UIInterfaceOrientationPortrait UIInterfaceOrientationLandscapeLeft UIInterfaceOrientationLandscapeRight";
				LD_RUNPATH_SEARCH_PATHS = (
					"$(inherited)",
					"@executable_path/Frameworks",
				);
				MARKETING_VERSION = 1.2;
				PRODUCT_BUNDLE_IDENTIFIER = nl.martijnkooi.ThailandHolidayApp;
				PRODUCT_NAME = "$(TARGET_NAME)";
				STRING_CATALOG_GENERATE_SYMBOLS = YES;
				SWIFT_APPROACHABLE_CONCURRENCY = YES;
				SWIFT_ACTIVE_COMPILATION_CONDITIONS = "$(inherited) WEATHERKIT_ENABLED";
				SWIFT_DEFAULT_ACTOR_ISOLATION = MainActor;
				SWIFT_EMIT_LOC_STRINGS = YES;
				SWIFT_UPCOMING_FEATURE_MEMBER_IMPORT_VISIBILITY = YES;
				SWIFT_VERSION = 5.0;
				TARGETED_DEVICE_FAMILY = "1,2";
			};
			name = Debug;
		};
		AFB6CF87302C821800DBA92C /* Release */ = {
			isa = XCBuildConfiguration;
			baseConfigurationReference = A11C0F012F00000100000001 /* AppConfig.xcconfig */;
			buildSettings = {
				ASSETCATALOG_COMPILER_APPICON_NAME = AppIcon;
				ASSETCATALOG_COMPILER_GLOBAL_ACCENT_COLOR_NAME = AccentColor;
				CODE_SIGN_ENTITLEMENTS = ThailandHolidayApp/ThailandHolidayApp.entitlements;
				CODE_SIGN_STYLE = Automatic;
				CURRENT_PROJECT_VERSION = 1;
				DEVELOPMENT_TEAM = EY8PJMQ29A;
				ENABLE_PREVIEWS = YES;
				GENERATE_INFOPLIST_FILE = NO;
				INFOPLIST_FILE = "ThailandHolidayApp-Info.plist";
				INFOPLIST_KEY_NSCameraUsageDescription = "Camera wordt gebruikt om boekingen te scannen.";
				INFOPLIST_KEY_UIApplicationSceneManifest_Generation = YES;
				INFOPLIST_KEY_UIApplicationSupportsIndirectInputEvents = YES;
				INFOPLIST_KEY_UILaunchScreen_Generation = YES;
				INFOPLIST_KEY_UISupportedInterfaceOrientations_iPad = "UIInterfaceOrientationPortrait UIInterfaceOrientationPortraitUpsideDown UIInterfaceOrientationLandscapeLeft UIInterfaceOrientationLandscapeRight";
				INFOPLIST_KEY_UISupportedInterfaceOrientations_iPhone = "UIInterfaceOrientationPortrait UIInterfaceOrientationLandscapeLeft UIInterfaceOrientationLandscapeRight";
				LD_RUNPATH_SEARCH_PATHS = (
					"$(inherited)",
					"@executable_path/Frameworks",
				);
				MARKETING_VERSION = 1.2;
				PRODUCT_BUNDLE_IDENTIFIER = nl.martijnkooi.ThailandHolidayApp;
				PRODUCT_NAME = "$(TARGET_NAME)";
				STRING_CATALOG_GENERATE_SYMBOLS = YES;
				SWIFT_APPROACHABLE_CONCURRENCY = YES;
				SWIFT_ACTIVE_COMPILATION_CONDITIONS = "$(inherited) WEATHERKIT_ENABLED";
				SWIFT_DEFAULT_ACTOR_ISOLATION = MainActor;
				SWIFT_EMIT_LOC_STRINGS = YES;
				SWIFT_UPCOMING_FEATURE_MEMBER_IMPORT_VISIBILITY = YES;
				SWIFT_VERSION = 5.0;
				TARGETED_DEVICE_FAMILY = "1,2";
			};
			name = Release;
		};
		AFB6CF89302C821800DBA92C /* Debug */ = {
			isa = XCBuildConfiguration;
			buildSettings = {
				BUNDLE_LOADER = "$(TEST_HOST)";
				CODE_SIGN_STYLE = Automatic;
				CURRENT_PROJECT_VERSION = 1;
				DEVELOPMENT_TEAM = EY8PJMQ29A;
				GENERATE_INFOPLIST_FILE = YES;
				IPHONEOS_DEPLOYMENT_TARGET = 26.5;
				MARKETING_VERSION = 1.2;
				PRODUCT_BUNDLE_IDENTIFIER = nl.martijnkooi.ThailandHolidayAppTests;
				PRODUCT_NAME = "$(TARGET_NAME)";
				STRING_CATALOG_GENERATE_SYMBOLS = NO;
				SWIFT_APPROACHABLE_CONCURRENCY = YES;
				SWIFT_EMIT_LOC_STRINGS = NO;
				SWIFT_UPCOMING_FEATURE_MEMBER_IMPORT_VISIBILITY = YES;
				SWIFT_VERSION = 5.0;
				TARGETED_DEVICE_FAMILY = "1,2";
				TEST_HOST = "$(BUILT_PRODUCTS_DIR)/ThailandHolidayApp.app/$(BUNDLE_EXECUTABLE_FOLDER_PATH)/ThailandHolidayApp";
			};
			name = Debug;
		};
		AFB6CF8A302C821800DBA92C /* Release */ = {
			isa = XCBuildConfiguration;
			buildSettings = {
				BUNDLE_LOADER = "$(TEST_HOST)";
				CODE_SIGN_STYLE = Automatic;
				CURRENT_PROJECT_VERSION = 1;
				DEVELOPMENT_TEAM = EY8PJMQ29A;
				GENERATE_INFOPLIST_FILE = YES;
				IPHONEOS_DEPLOYMENT_TARGET = 26.5;
				MARKETING_VERSION = 1.2;
				PRODUCT_BUNDLE_IDENTIFIER = nl.martijnkooi.ThailandHolidayAppTests;
				PRODUCT_NAME = "$(TARGET_NAME)";
				STRING_CATALOG_GENERATE_SYMBOLS = NO;
				SWIFT_APPROACHABLE_CONCURRENCY = YES;
				SWIFT_EMIT_LOC_STRINGS = NO;
				SWIFT_UPCOMING_FEATURE_MEMBER_IMPORT_VISIBILITY = YES;
				SWIFT_VERSION = 5.0;
				TARGETED_DEVICE_FAMILY = "1,2";
				TEST_HOST = "$(BUILT_PRODUCTS_DIR)/ThailandHolidayApp.app/$(BUNDLE_EXECUTABLE_FOLDER_PATH)/ThailandHolidayApp";
			};
			name = Release;
		};
		AFB6CF8C302C821800DBA92C /* Debug */ = {
			isa = XCBuildConfiguration;
			buildSettings = {
				CODE_SIGN_STYLE = Automatic;
				CURRENT_PROJECT_VERSION = 1;
				DEVELOPMENT_TEAM = EY8PJMQ29A;
				GENERATE_INFOPLIST_FILE = YES;
				MARKETING_VERSION = 1.2;
				PRODUCT_BUNDLE_IDENTIFIER = nl.martijnkooi.ThailandHolidayAppUITests;
				PRODUCT_NAME = "$(TARGET_NAME)";
				STRING_CATALOG_GENERATE_SYMBOLS = NO;
				SWIFT_APPROACHABLE_CONCURRENCY = YES;
				SWIFT_EMIT_LOC_STRINGS = NO;
				SWIFT_UPCOMING_FEATURE_MEMBER_IMPORT_VISIBILITY = YES;
				SWIFT_VERSION = 5.0;
				TARGETED_DEVICE_FAMILY = "1,2";
				TEST_TARGET_NAME = ThailandHolidayApp;
			};
			name = Debug;
		};
		AFB6CF8D302C821800DBA92C /* Release */ = {
			isa = XCBuildConfiguration;
			buildSettings = {
				CODE_SIGN_STYLE = Automatic;
				CURRENT_PROJECT_VERSION = 1;
				DEVELOPMENT_TEAM = EY8PJMQ29A;
				GENERATE_INFOPLIST_FILE = YES;
				MARKETING_VERSION = 1.2;
				PRODUCT_BUNDLE_IDENTIFIER = nl.martijnkooi.ThailandHolidayAppUITests;
				PRODUCT_NAME = "$(TARGET_NAME)";
				STRING_CATALOG_GENERATE_SYMBOLS = NO;
				SWIFT_APPROACHABLE_CONCURRENCY = YES;
				SWIFT_EMIT_LOC_STRINGS = NO;
				SWIFT_UPCOMING_FEATURE_MEMBER_IMPORT_VISIBILITY = YES;
				SWIFT_VERSION = 5.0;
				TARGETED_DEVICE_FAMILY = "1,2";
				TEST_TARGET_NAME = ThailandHolidayApp;
			};
			name = Release;
		};
/* End XCBuildConfiguration section */

/* Begin XCConfigurationList section */
		AFB6CF5D302C821600DBA92C /* Build configuration list for PBXProject "ThailandHolidayApp" */ = {
			isa = XCConfigurationList;
			buildConfigurations = (
				AFB6CF83302C821800DBA92C /* Debug */,
				AFB6CF84302C821800DBA92C /* Release */,
			);
			defaultConfigurationIsVisible = 0;
			defaultConfigurationName = Release;
		};
		AFB6CF85302C821800DBA92C /* Build configuration list for PBXNativeTarget "ThailandHolidayApp" */ = {
			isa = XCConfigurationList;
			buildConfigurations = (
				AFB6CF86302C821800DBA92C /* Debug */,
				AFB6CF87302C821800DBA92C /* Release */,
			);
			defaultConfigurationIsVisible = 0;
			defaultConfigurationName = Release;
		};
		AFB6CF88302C821800DBA92C /* Build configuration list for PBXNativeTarget "ThailandHolidayAppTests" */ = {
			isa = XCConfigurationList;
			buildConfigurations = (
				AFB6CF89302C821800DBA92C /* Debug */,
				AFB6CF8A302C821800DBA92C /* Release */,
			);
			defaultConfigurationIsVisible = 0;
			defaultConfigurationName = Release;
		};
		AFB6CF8B302C821800DBA92C /* Build configuration list for PBXNativeTarget "ThailandHolidayAppUITests" */ = {
			isa = XCConfigurationList;
			buildConfigurations = (
				AFB6CF8C302C821800DBA92C /* Debug */,
				AFB6CF8D302C821800DBA92C /* Release */,
			);
			defaultConfigurationIsVisible = 0;
			defaultConfigurationName = Release;
		};
/* End XCConfigurationList section */
	};
	rootObject = AFB6CF5A302C821600DBA92C /* Project object */;
}
